
Microsoft Visual Studio Solution File, Format Version 12.00
# Visual Studio 15
VisualStudioVersion = 15.0.28307.1433
MinimumVisualStudioVersion = 10.0.40219.1
Project("{FAE04EC0-301F-11D3-BF4B-00C04F79EFBC}") = "NotasEMoedas", "NotasEMoedas\NotasEMoedas.csproj", "{0AF60EA5-248D-499A-A9D5-EBF7617A9817}"
EndProject
Global
	GlobalSection(SolutionConfigurationPlatforms) = preSolution
		Debug|Any CPU = Debug|Any CPU
		Release|Any CPU = Release|Any CPU
	EndGlobalSection
	GlobalSection(ProjectConfigurationPlatforms) = postSolution
		{0AF60EA5-248D-499A-A9D5-EBF7617A9817}.Debug|Any CPU.ActiveCfg = Debug|Any CPU
		{0AF60EA5-248D-499A-A9D5-EBF7617A9817}.Debug|Any CPU.Build.0 = Debug|Any CPU
		{0AF60EA5-248D-499A-A9D5-EBF7617A9817}.Release|Any CPU.ActiveCfg = Release|Any CPU
		{0AF60EA5-248D-499A-A9D5-EBF7617A9817}.Release|Any CPU.Build.0 = Release|Any CPU
	EndGlobalSection
	GlobalSection(SolutionProperties) = preSolution
		HideSolutionNode = FALSE
	EndGlobalSection
	GlobalSection(ExtensibilityGlobals) = postSolution
		SolutionGuid = {2601F580-1522-4945-8C5B-82984E704578}
	EndGlobalSection
EndGlobal
